
Microsoft Visual Studio Solution File, Format Version 12.00
# Visual Studio Version 17
VisualStudioVersion = 17.13.35716.79
MinimumVisualStudioVersion = 10.0.40219.1
Project("{FAE04EC0-301F-11D3-BF4B-00C04F79EFBC}") = "Ucenje", "Ucenje\Ucenje.csproj", "{CEC86491-1AA4-4478-AC5E-57600FE60D73}"
EndProject
Project("{FAE04EC0-301F-11D3-BF4B-00C04F79EFBC}") = "WebAPI", "WebAPI\WebAPI.csproj", "{D7156931-2251-427E-A90A-287A2FF2A803}"
EndProject
Global
	GlobalSection(SolutionConfigurationPlatforms) = preSolution
		Debug|Any CPU = Debug|Any CPU
		Release|Any CPU = Release|Any CPU
	EndGlobalSection
	GlobalSection(ProjectConfigurationPlatforms) = postSolution
		{CEC86491-1AA4-4478-AC5E-57600FE60D73}.Debug|Any CPU.ActiveCfg = Debug|Any CPU
		{CEC86491-1AA4-4478-AC5E-57600FE60D73}.Debug|Any CPU.Build.0 = Debug|Any CPU
		{CEC86491-1AA4-4478-AC5E-57600FE60D73}.Release|Any CPU.ActiveCfg = Release|Any CPU
		{CEC86491-1AA4-4478-AC5E-57600FE60D73}.Release|Any CPU.Build.0 = Release|Any CPU
		{D7156931-2251-427E-A90A-287A2FF2A803}.Debug|Any CPU.ActiveCfg = Debug|Any CPU
		{D7156931-2251-427E-A90A-287A2FF2A803}.Debug|Any CPU.Build.0 = Debug|Any CPU
		{D7156931-2251-427E-A90A-287A2FF2A803}.Release|Any CPU.ActiveCfg = Release|Any CPU
		{D7156931-2251-427E-A90A-287A2FF2A803}.Release|Any CPU.Build.0 = Release|Any CPU
	EndGlobalSection
	GlobalSection(SolutionProperties) = preSolution
		HideSolutionNode = FALSE
	EndGlobalSection
	GlobalSection(ExtensibilityGlobals) = postSolution
		SolutionGuid = {5575AE0B-70E1-41D5-9A16-72A7495482FE}
	EndGlobalSection
EndGlobal
